
Microsoft Visual Studio Solution File, Format Version 12.00
# Visual Studio Version 17
VisualStudioVersion = 17.2.32616.157
MinimumVisualStudioVersion = 10.0.40219.1
Project("{FAE04EC0-301F-11D3-BF4B-00C04F79EFBC}") = "AccountBot", "AccountBot\AccountBot.csproj", "{35529D81-A9F1-4F01-A031-98335AE1B5B3}"
EndProject
Project("{9A19103F-16F7-4668-BE54-9A1E7A4F7556}") = "mailinator-csharp-client", "mailinator-csharp-client\mailinator-csharp-client.csproj", "{F7586CA9-1BAF-44BD-9B5C-55B547EF7D7A}"
EndProject
Global
	GlobalSection(SolutionConfigurationPlatforms) = preSolution
		Debug|Any CPU = Debug|Any CPU
		Release|Any CPU = Release|Any CPU
	EndGlobalSection
	GlobalSection(ProjectConfigurationPlatforms) = postSolution
		{35529D81-A9F1-4F01-A031-98335AE1B5B3}.Debug|Any CPU.ActiveCfg = Debug|Any CPU
		{35529D81-A9F1-4F01-A031-98335AE1B5B3}.Debug|Any CPU.Build.0 = Debug|Any CPU
		{35529D81-A9F1-4F01-A031-98335AE1B5B3}.Release|Any CPU.ActiveCfg = Release|Any CPU
		{35529D81-A9F1-4F01-A031-98335AE1B5B3}.Release|Any CPU.Build.0 = Release|Any CPU
		{F7586CA9-1BAF-44BD-9B5C-55B547EF7D7A}.Debug|Any CPU.ActiveCfg = Debug|Any CPU
		{F7586CA9-1BAF-44BD-9B5C-55B547EF7D7A}.Debug|Any CPU.Build.0 = Debug|Any CPU
		{F7586CA9-1BAF-44BD-9B5C-55B547EF7D7A}.Release|Any CPU.ActiveCfg = Release|Any CPU
		{F7586CA9-1BAF-44BD-9B5C-55B547EF7D7A}.Release|Any CPU.Build.0 = Release|Any CPU
	EndGlobalSection
	GlobalSection(SolutionProperties) = preSolution
		HideSolutionNode = FALSE
	EndGlobalSection
	GlobalSection(ExtensibilityGlobals) = postSolution
		SolutionGuid = {178BCE2D-E850-4D09-A625-2ED7F24E766F}
	EndGlobalSection
EndGlobal
